
Microsoft Visual Studio Solution File, Format Version 12.00
# Visual Studio Version 16
VisualStudioVersion = 16.0.31005.135
MinimumVisualStudioVersion = 10.0.40219.1
Project("{FAE04EC0-301F-11D3-BF4B-00C04F79EFBC}") = "Bowling-TA", "Bowling-TA\Bowling-TA.csproj", "{86CCD384-C89D-4B89-8127-FBBF4CD4177E}"
EndProject
Global
	GlobalSection(SolutionConfigurationPlatforms) = preSolution
		Debug|Any CPU = Debug|Any CPU
		Release|Any CPU = Release|Any CPU
	EndGlobalSection
	GlobalSection(ProjectConfigurationPlatforms) = postSolution
		{86CCD384-C89D-4B89-8127-FBBF4CD4177E}.Debug|Any CPU.ActiveCfg = Debug|Any CPU
		{86CCD384-C89D-4B89-8127-FBBF4CD4177E}.Debug|Any CPU.Build.0 = Debug|Any CPU
		{86CCD384-C89D-4B89-8127-FBBF4CD4177E}.Release|Any CPU.ActiveCfg = Release|Any CPU
		{86CCD384-C89D-4B89-8127-FBBF4CD4177E}.Release|Any CPU.Build.0 = Release|Any CPU
	EndGlobalSection
	GlobalSection(SolutionProperties) = preSolution
		HideSolutionNode = FALSE
	EndGlobalSection
	GlobalSection(ExtensibilityGlobals) = postSolution
		SolutionGuid = {4D763269-EC8D-4EEA-8114-E3C525FD4863}
	EndGlobalSection
EndGlobal
